
Microsoft Visual Studio Solution File, Format Version 12.00
# Visual Studio Version 16
VisualStudioVersion = 16.0.810.23
MinimumVisualStudioVersion = 10.0.40219.1
Project("{FAE04EC0-301F-11D3-BF4B-00C04F79EFBC}") = "LeetCode", "LeetCode\LeetCode.csproj", "{BA2F29FA-9984-468D-B421-96DB310DF773}"
EndProject
Project("{FAE04EC0-301F-11D3-BF4B-00C04F79EFBC}") = "Recursion", "Recursion\Recursion.csproj", "{8101ED0B-D9DD-44DF-AF77-613A9D95AB83}"
EndProject
Global
	GlobalSection(SolutionConfigurationPlatforms) = preSolution
		Debug|Any CPU = Debug|Any CPU
		Release|Any CPU = Release|Any CPU
	EndGlobalSection
	GlobalSection(ProjectConfigurationPlatforms) = postSolution
		{BA2F29FA-9984-468D-B421-96DB310DF773}.Debug|Any CPU.ActiveCfg = Debug|Any CPU
		{BA2F29FA-9984-468D-B421-96DB310DF773}.Debug|Any CPU.Build.0 = Debug|Any CPU
		{BA2F29FA-9984-468D-B421-96DB310DF773}.Release|Any CPU.ActiveCfg = Release|Any CPU
		{BA2F29FA-9984-468D-B421-96DB310DF773}.Release|Any CPU.Build.0 = Release|Any CPU
		{8101ED0B-D9DD-44DF-AF77-613A9D95AB83}.Debug|Any CPU.ActiveCfg = Debug|Any CPU
		{8101ED0B-D9DD-44DF-AF77-613A9D95AB83}.Debug|Any CPU.Build.0 = Debug|Any CPU
		{8101ED0B-D9DD-44DF-AF77-613A9D95AB83}.Release|Any CPU.ActiveCfg = Release|Any CPU
		{8101ED0B-D9DD-44DF-AF77-613A9D95AB83}.Release|Any CPU.Build.0 = Release|Any CPU
	EndGlobalSection
	GlobalSection(SolutionProperties) = preSolution
		HideSolutionNode = FALSE
	EndGlobalSection
	GlobalSection(ExtensibilityGlobals) = postSolution
		SolutionGuid = {09B648DB-4665-492F-B76E-2E0B4186B31E}
	EndGlobalSection
EndGlobal
